
Microsoft Visual Studio Solution File, Format Version 12.00
# Visual Studio Version 17
VisualStudioVersion = 17.9.34526.213
MinimumVisualStudioVersion = 10.0.40219.1
Project("{9A19103F-16F7-4668-BE54-9A1E7A4F7556}") = "2DAW", "2DAW.csproj", "{377EA579-D854-4878-B93A-2EC69017C9B8}"
EndProject
Project("{9A19103F-16F7-4668-BE54-9A1E7A4F7556}") = "XUI", "XUI\XUI.csproj", "{3B2ACD41-4685-48DA-B6F7-EE74CF879CAA}"
EndProject
Global
	GlobalSection(SolutionConfigurationPlatforms) = preSolution
		Debug|Any CPU = Debug|Any CPU
		Release|Any CPU = Release|Any CPU
	EndGlobalSection
	GlobalSection(ProjectConfigurationPlatforms) = postSolution
		{377EA579-D854-4878-B93A-2EC69017C9B8}.Debug|Any CPU.ActiveCfg = Debug|Any CPU
		{377EA579-D854-4878-B93A-2EC69017C9B8}.Debug|Any CPU.Build.0 = Debug|Any CPU
		{377EA579-D854-4878-B93A-2EC69017C9B8}.Debug|Any CPU.Deploy.0 = Debug|Any CPU
		{377EA579-D854-4878-B93A-2EC69017C9B8}.Release|Any CPU.ActiveCfg = Release|Any CPU
		{377EA579-D854-4878-B93A-2EC69017C9B8}.Release|Any CPU.Build.0 = Release|Any CPU
		{377EA579-D854-4878-B93A-2EC69017C9B8}.Release|Any CPU.Deploy.0 = Release|Any CPU
		{3B2ACD41-4685-48DA-B6F7-EE74CF879CAA}.Debug|Any CPU.ActiveCfg = Debug|Any CPU
		{3B2ACD41-4685-48DA-B6F7-EE74CF879CAA}.Debug|Any CPU.Build.0 = Debug|Any CPU
		{3B2ACD41-4685-48DA-B6F7-EE74CF879CAA}.Release|Any CPU.ActiveCfg = Release|Any CPU
		{3B2ACD41-4685-48DA-B6F7-EE74CF879CAA}.Release|Any CPU.Build.0 = Release|Any CPU
	EndGlobalSection
	GlobalSection(SolutionProperties) = preSolution
		HideSolutionNode = FALSE
	EndGlobalSection
	GlobalSection(ExtensibilityGlobals) = postSolution
		SolutionGuid = {7582FFDD-C2AC-4D66-BB32-7BA238151043}
	EndGlobalSection
EndGlobal
